
Microsoft Visual Studio Solution File, Format Version 12.00
# Visual Studio 15
VisualStudioVersion = 15.0.28307.757
MinimumVisualStudioVersion = 10.0.40219.1
Project("{8BC9CEB8-8B4A-11D0-8D11-00A0C91BC942}") = "baseball", "baseball\baseball.vcxproj", "{13B80305-C90B-4822-84E8-CBF94FD8785E}"
EndProject
Global
	GlobalSection(SolutionConfigurationPlatforms) = preSolution
		Debug|x64 = Debug|x64
		Debug|x86 = Debug|x86
		Release|x64 = Release|x64
		Release|x86 = Release|x86
	EndGlobalSection
	GlobalSection(ProjectConfigurationPlatforms) = postSolution
		{13B80305-C90B-4822-84E8-CBF94FD8785E}.Debug|x64.ActiveCfg = Debug|x64
		{13B80305-C90B-4822-84E8-CBF94FD8785E}.Debug|x64.Build.0 = Debug|x64
		{13B80305-C90B-4822-84E8-CBF94FD8785E}.Debug|x86.ActiveCfg = Debug|Win32
		{13B80305-C90B-4822-84E8-CBF94FD8785E}.Debug|x86.Build.0 = Debug|Win32
		{13B80305-C90B-4822-84E8-CBF94FD8785E}.Release|x64.ActiveCfg = Release|x64
		{13B80305-C90B-4822-84E8-CBF94FD8785E}.Release|x64.Build.0 = Release|x64
		{13B80305-C90B-4822-84E8-CBF94FD8785E}.Release|x86.ActiveCfg = Release|Win32
		{13B80305-C90B-4822-84E8-CBF94FD8785E}.Release|x86.Build.0 = Release|Win32
	EndGlobalSection
	GlobalSection(SolutionProperties) = preSolution
		HideSolutionNode = FALSE
	EndGlobalSection
	GlobalSection(ExtensibilityGlobals) = postSolution
		SolutionGuid = {FDC0FF09-A9BD-4BDD-A0C5-844DBF7D67F3}
	EndGlobalSection
EndGlobal
